// !$*UTF8*$!
{
	archiveVersion = 1;
	classes = {
	};
	objectVersion = 50;
	objects = {

/* Begin PBXBuildFile section */
		1406EBD0212C53D200DE84A1 /* ZXMSettingTableViewController.swift in Sources */ = {isa = PBXBuildFile; fileRef = 1406EBCF212C53D200DE84A1 /* ZXMSettingTableViewController.swift */; };
		140A63AE212B16510017A085 /* ZXMSaveTool.swift in Sources */ = {isa = PBXBuildFile; fileRef = 140A63AD212B16510017A085 /* ZXMSaveTool.swift */; };
		140A63B5212B24260017A085 /* ZXMRootVC.swift in Sources */ = {isa = PBXBuildFile; fileRef = 140A63B4212B24260017A085 /* ZXMRootVC.swift */; };
		142A017A2121AA7D0095FC20 /* ZXMMyLotteryViewController.xib in Resources */ = {isa = PBXBuildFile; fileRef = 142A01792121AA7D0095FC20 /* ZXMMyLotteryViewController.xib */; };
		1446DA01211DBD9F000829D0 /* UIImage+Extension.swift in Sources */ = {isa = PBXBuildFile; fileRef = 1446DA00211DBD9F000829D0 /* UIImage+Extension.swift */; };
		1446DA06211DC732000829D0 /* ZXMCover.swift in Sources */ = {isa = PBXBuildFile; fileRef = 1446DA05211DC732000829D0 /* ZXMCover.swift */; };
		1446DA0A211DD75D000829D0 /* ZXMPopMenu.xib in Resources */ = {isa = PBXBuildFile; fileRef = 1446DA09211DD75D000829D0 /* ZXMPopMenu.xib */; };
		1446DA0F211DE66F000829D0 /* ZXMPopMenu.swift in Sources */ = {isa = PBXBuildFile; fileRef = 1446DA0E211DE66F000829D0 /* ZXMPopMenu.swift */; };
		145E725B211BEC9C002DB871 /* ZXMTabBarButton.swift in Sources */ = {isa = PBXBuildFile; fileRef = 145E725A211BEC9C002DB871 /* ZXMTabBarButton.swift */; };
		145E7260211C7D53002DB871 /* ZXMNavigationViewController.swift in Sources */ = {isa = PBXBuildFile; fileRef = 145E725F211C7D53002DB871 /* ZXMNavigationViewController.swift */; };
		146687752122FD7000117D76 /* ZXMArenaNavViewController.swift in Sources */ = {isa = PBXBuildFile; fileRef = 146687742122FD7000117D76 /* ZXMArenaNavViewController.swift */; };
		1491ED292124062400405932 /* ZXMDiscoverTableViewController.storyboard in Resources */ = {isa = PBXBuildFile; fileRef = 1491ED282124062400405932 /* ZXMDiscoverTableViewController.storyboard */; };
		1491ED2E212434FF00405932 /* ZXMBuyViewController.swift in Sources */ = {isa = PBXBuildFile; fileRef = 1491ED2D212434FF00405932 /* ZXMBuyViewController.swift */; };
		1491ED3321243A6B00405932 /* ZXMTitleViewButton.swift in Sources */ = {isa = PBXBuildFile; fileRef = 1491ED3221243A6B00405932 /* ZXMTitleViewButton.swift */; };
		14D02520211AD96A00BE0D15 /* AppDelegate.swift in Sources */ = {isa = PBXBuildFile; fileRef = 14D0251F211AD96A00BE0D15 /* AppDelegate.swift */; };
		14D02527211AD96B00BE0D15 /* Assets.xcassets in Resources */ = {isa = PBXBuildFile; fileRef = 14D02526211AD96B00BE0D15 /* Assets.xcassets */; };
		14D0252A211AD96B00BE0D15 /* LaunchScreen.storyboard in Resources */ = {isa = PBXBuildFile; fileRef = 14D02528211AD96B00BE0D15 /* LaunchScreen.storyboard */; };
		14D0258E211B044300BE0D15 /* ZXMTabBarViewController.swift in Sources */ = {isa = PBXBuildFile; fileRef = 14D0258D211B044300BE0D15 /* ZXMTabBarViewController.swift */; };
		14D02593211B05B500BE0D15 /* ZXMHallTableViewController.swift in Sources */ = {isa = PBXBuildFile; fileRef = 14D02592211B05B500BE0D15 /* ZXMHallTableViewController.swift */; };
		14D02598211B060B00BE0D15 /* ZXMArenaViewController.swift in Sources */ = {isa = PBXBuildFile; fileRef = 14D02597211B060B00BE0D15 /* ZXMArenaViewController.swift */; };
		14D0259D211B066200BE0D15 /* ZXMDiscoverTableViewController.swift in Sources */ = {isa = PBXBuildFile; fileRef = 14D0259C211B066200BE0D15 /* ZXMDiscoverTableViewController.swift */; };
		14D025A2211B06B000BE0D15 /* ZXMHistoryTableViewController.swift in Sources */ = {isa = PBXBuildFile; fileRef = 14D025A1211B06B000BE0D15 /* ZXMHistoryTableViewController.swift */; };
		14D025A4211B070200BE0D15 /* ZXMMyLotteryViewController.swift in Sources */ = {isa = PBXBuildFile; fileRef = 14D025A3211B070200BE0D15 /* ZXMMyLotteryViewController.swift */; };
		14D025AC211B391400BE0D15 /* ZXMTabBar.swift in Sources */ = {isa = PBXBuildFile; fileRef = 14D025AB211B391400BE0D15 /* ZXMTabBar.swift */; };
		14D4444D2127262F000355AB /* ZXMNewFeatureCollectionViewController.swift in Sources */ = {isa = PBXBuildFile; fileRef = 14D4444C2127262F000355AB /* ZXMNewFeatureCollectionViewController.swift */; };
		14E345D821207AC1008C0A1E /* UIview+Frame+Extension.swift in Sources */ = {isa = PBXBuildFile; fileRef = 14E345D721207AC1008C0A1E /* UIview+Frame+Extension.swift */; };
		14EA701A21284FF200791EAF /* ZXMNewFeatureCollectionViewCell.swift in Sources */ = {isa = PBXBuildFile; fileRef = 14EA701921284FF200791EAF /* ZXMNewFeatureCollectionViewCell.swift */; };
/* End PBXBuildFile section */

/* Begin PBXFileReference section */
		1406EBCF212C53D200DE84A1 /* ZXMSettingTableViewController.swift */ = {isa = PBXFileReference; lastKnownFileType = sourcecode.swift; path = ZXMSettingTableViewController.swift; sourceTree = "<group>"; };
		140A63AD212B16510017A085 /* ZXMSaveTool.swift */ = {isa = PBXFileReference; lastKnownFileType = sourcecode.swift; path = ZXMSaveTool.swift; sourceTree = "<group>"; };
		140A63B4212B24260017A085 /* ZXMRootVC.swift */ = {isa = PBXFileReference; lastKnownFileType = sourcecode.swift; path = ZXMRootVC.swift; sourceTree = "<group>"; };
		142A01792121AA7D0095FC20 /* ZXMMyLotteryViewController.xib */ = {isa = PBXFileReference; lastKnownFileType = file.xib; path = ZXMMyLotteryViewController.xib; sourceTree = "<group>"; };
		1446DA00211DBD9F000829D0 /* UIImage+Extension.swift */ = {isa = PBXFileReference; lastKnownFileType = sourcecode.swift; path = "UIImage+Extension.swift"; sourceTree = "<group>"; };
		1446DA05211DC732000829D0 /* ZXMCover.swift */ = {isa = PBXFileReference; lastKnownFileType = sourcecode.swift; path = ZXMCover.swift; sourceTree = "<group>"; };
		1446DA09211DD75D000829D0 /* ZXMPopMenu.xib */ = {isa = PBXFileReference; lastKnownFileType = file.xib; path = ZXMPopMenu.xib; sourceTree = "<group>"; };
		1446DA0E211DE66F000829D0 /* ZXMPopMenu.swift */ = {isa = PBXFileReference; lastKnownFileType = sourcecode.swift; path = ZXMPopMenu.swift; sourceTree = "<group>"; };
		145E725A211BEC9C002DB871 /* ZXMTabBarButton.swift */ = {isa = PBXFileReference; lastKnownFileType = sourcecode.swift; path = ZXMTabBarButton.swift; sourceTree = "<group>"; };
		145E725F211C7D53002DB871 /* ZXMNavigationViewController.swift */ = {isa = PBXFileReference; lastKnownFileType = sourcecode.swift; path = ZXMNavigationViewController.swift; sourceTree = "<group>"; };
		146687742122FD7000117D76 /* ZXMArenaNavViewController.swift */ = {isa = PBXFileReference; lastKnownFileType = sourcecode.swift; path = ZXMArenaNavViewController.swift; sourceTree = "<group>"; };
		1491ED282124062400405932 /* ZXMDiscoverTableViewController.storyboard */ = {isa = PBXFileReference; lastKnownFileType = file.storyboard; path = ZXMDiscoverTableViewController.storyboard; sourceTree = "<group>"; };
		1491ED2D212434FF00405932 /* ZXMBuyViewController.swift */ = {isa = PBXFileReference; lastKnownFileType = sourcecode.swift; path = ZXMBuyViewController.swift; sourceTree = "<group>"; };
		1491ED3221243A6B00405932 /* ZXMTitleViewButton.swift */ = {isa = PBXFileReference; lastKnownFileType = sourcecode.swift; path = ZXMTitleViewButton.swift; sourceTree = "<group>"; };
		14D0251C211AD96A00BE0D15 /* caipiaoSwift.app */ = {isa = PBXFileReference; explicitFileType = wrapper.application; includeInIndex = 0; path = caipiaoSwift.app; sourceTree = BUILT_PRODUCTS_DIR; };
		14D0251F211AD96A00BE0D15 /* AppDelegate.swift */ = {isa = PBXFileReference; lastKnownFileType = sourcecode.swift; path = AppDelegate.swift; sourceTree = "<group>"; };
		14D02526211AD96B00BE0D15 /* Assets.xcassets */ = {isa = PBXFileReference; lastKnownFileType = folder.assetcatalog; path = Assets.xcassets; sourceTree = "<group>"; };
		14D02529211AD96B00BE0D15 /* Base */ = {isa = PBXFileReference; lastKnownFileType = file.storyboard; name = Base; path = Base.lproj/LaunchScreen.storyboard; sourceTree = "<group>"; };
		14D0252B211AD96B00BE0D15 /* Info.plist */ = {isa = PBXFileReference; lastKnownFileType = text.plist.xml; path = Info.plist; sourceTree = "<group>"; };
		14D0258D211B044300BE0D15 /* ZXMTabBarViewController.swift */ = {isa = PBXFileReference; lastKnownFileType = sourcecode.swift; path = ZXMTabBarViewController.swift; sourceTree = "<group>"; };
		14D02592211B05B500BE0D15 /* ZXMHallTableViewController.swift */ = {isa = PBXFileReference; lastKnownFileType = sourcecode.swift; path = ZXMHallTableViewController.swift; sourceTree = "<group>"; };
		14D02597211B060B00BE0D15 /* ZXMArenaViewController.swift */ = {isa = PBXFileReference; lastKnownFileType = sourcecode.swift; path = ZXMArenaViewController.swift; sourceTree = "<group>"; };
		14D0259C211B066200BE0D15 /* ZXMDiscoverTableViewController.swift */ = {isa = PBXFileReference; lastKnownFileType = sourcecode.swift; path = ZXMDiscoverTableViewController.swift; sourceTree = "<group>"; };
		14D025A1211B06B000BE0D15 /* ZXMHistoryTableViewController.swift */ = {isa = PBXFileReference; lastKnownFileType = sourcecode.swift; path = ZXMHistoryTableViewController.swift; sourceTree = "<group>"; };
		14D025A3211B070200BE0D15 /* ZXMMyLotteryViewController.swift */ = {isa = PBXFileReference; lastKnownFileType = sourcecode.swift; path = ZXMMyLotteryViewController.swift; sourceTree = "<group>"; };
		14D025AB211B391400BE0D15 /* ZXMTabBar.swift */ = {isa = PBXFileReference; lastKnownFileType = sourcecode.swift; path = ZXMTabBar.swift; sourceTree = "<group>"; };
		14D4444C2127262F000355AB /* ZXMNewFeatureCollectionViewController.swift */ = {isa = PBXFileReference; lastKnownFileType = sourcecode.swift; path = ZXMNewFeatureCollectionViewController.swift; sourceTree = "<group>"; };
		14E345D721207AC1008C0A1E /* UIview+Frame+Extension.swift */ = {isa = PBXFileReference; lastKnownFileType = sourcecode.swift; path = "UIview+Frame+Extension.swift"; sourceTree = "<group>"; };
		14EA701921284FF200791EAF /* ZXMNewFeatureCollectionViewCell.swift */ = {isa = PBXFileReference; lastKnownFileType = sourcecode.swift; path = ZXMNewFeatureCollectionViewCell.swift; sourceTree = "<group>"; };
/* End PBXFileReference section */

/* Begin PBXFrameworksBuildPhase section */
		14D02519211AD96A00BE0D15 /* Frameworks */ = {
			isa = PBXFrameworksBuildPhase;
			buildActionMask = 2147483647;
			files = (
			);
			runOnlyForDeploymentPostprocessing = 0;
		};
/* End PBXFrameworksBuildPhase section */

/* Begin PBXGroup section */
		1406EBC8212C535B00DE84A1 /* Setting[设置] */ = {
			isa = PBXGroup;
			children = (
				1406EBC9212C535B00DE84A1 /* Controller */,
				1406EBCA212C535B00DE84A1 /* Model */,
				1406EBCB212C535B00DE84A1 /* View */,
			);
			path = "Setting[设置]";
			sourceTree = "<group>";
		};
		1406EBC9212C535B00DE84A1 /* Controller */ = {
			isa = PBXGroup;
			children = (
				1406EBCF212C53D200DE84A1 /* ZXMSettingTableViewController.swift */,
			);
			path = Controller;
			sourceTree = "<group>";
		};
		1406EBCA212C535B00DE84A1 /* Model */ = {
			isa = PBXGroup;
			children = (
			);
			path = Model;
			sourceTree = "<group>";
		};
		1406EBCB212C535B00DE84A1 /* View */ = {
			isa = PBXGroup;
			children = (
			);
			path = View;
			sourceTree = "<group>";
		};
		140A63A7212B15670017A085 /* Tool[业务逻辑] */ = {
			isa = PBXGroup;
			children = (
				140A63AF212B23D40017A085 /* RootVC */,
				140A63A9212B15F60017A085 /* SaveTool */,
			);
			path = "Tool[业务逻辑]";
			sourceTree = "<group>";
		};
		140A63A9212B15F60017A085 /* SaveTool */ = {
			isa = PBXGroup;
			children = (
				140A63AD212B16510017A085 /* ZXMSaveTool.swift */,
			);
			path = SaveTool;
			sourceTree = "<group>";
		};
		140A63AF212B23D40017A085 /* RootVC */ = {
			isa = PBXGroup;
			children = (
				140A63B4212B24260017A085 /* ZXMRootVC.swift */,
			);
			path = RootVC;
			sourceTree = "<group>";
		};
		14D02513211AD96A00BE0D15 = {
			isa = PBXGroup;
			children = (
				14D0251E211AD96A00BE0D15 /* caipiaoSwift */,
				14D0251D211AD96A00BE0D15 /* Products */,
			);
			sourceTree = "<group>";
		};
		14D0251D211AD96A00BE0D15 /* Products */ = {
			isa = PBXGroup;
			children = (
				14D0251C211AD96A00BE0D15 /* caipiaoSwift.app */,
			);
			name = Products;
			sourceTree = "<group>";
		};
		14D0251E211AD96A00BE0D15 /* caipiaoSwift */ = {
			isa = PBXGroup;
			children = (
				14D0256F211AFCDB00BE0D15 /* Classes */,
				14D02526211AD96B00BE0D15 /* Assets.xcassets */,
				14D02528211AD96B00BE0D15 /* LaunchScreen.storyboard */,
			);
			path = caipiaoSwift;
			sourceTree = "<group>";
		};
		14D0256F211AFCDB00BE0D15 /* Classes */ = {
			isa = PBXGroup;
			children = (
				1406EBC8212C535B00DE84A1 /* Setting[设置] */,
				140A63A7212B15670017A085 /* Tool[业务逻辑] */,
				14D44445212723FE000355AB /* NewFeature[新特性] */,
				14D02589211AFCDB00BE0D15 /* Extension+Tools(扩展工具) */,
				14D0257C211AFCDB00BE0D15 /* Others */,
				14D02581211AFCDB00BE0D15 /* Main(主要) */,
				14D02570211AFCDB00BE0D15 /* Hall(购票大厅) */,
				14D02574211AFCDB00BE0D15 /* MyLottery(我的彩票) */,
				14D02578211AFCDB00BE0D15 /* Arena(竞技场) */,
				14D0257D211AFCDB00BE0D15 /* Discover(发现) */,
				14D02585211AFCDB00BE0D15 /* History(开奖信息) */,
			);
			path = Classes;
			sourceTree = "<group>";
		};
		14D02570211AFCDB00BE0D15 /* Hall(购票大厅) */ = {
			isa = PBXGroup;
			children = (
				14D02571211AFCDB00BE0D15 /* Controller */,
				14D02572211AFCDB00BE0D15 /* Model */,
				14D02573211AFCDB00BE0D15 /* View */,
			);
			path = "Hall(购票大厅)";
			sourceTree = "<group>";
		};
		14D02571211AFCDB00BE0D15 /* Controller */ = {
			isa = PBXGroup;
			children = (
				14D02592211B05B500BE0D15 /* ZXMHallTableViewController.swift */,
			);
			path = Controller;
			sourceTree = "<group>";
		};
		14D02572211AFCDB00BE0D15 /* Model */ = {
			isa = PBXGroup;
			children = (
			);
			path = Model;
			sourceTree = "<group>";
		};
		14D02573211AFCDB00BE0D15 /* View */ = {
			isa = PBXGroup;
			children = (
				1446DA05211DC732000829D0 /* ZXMCover.swift */,
				1446DA09211DD75D000829D0 /* ZXMPopMenu.xib */,
				1446DA0E211DE66F000829D0 /* ZXMPopMenu.swift */,
			);
			path = View;
			sourceTree = "<group>";
		};
		14D02574211AFCDB00BE0D15 /* MyLottery(我的彩票) */ = {
			isa = PBXGroup;
			children = (
				14D02575211AFCDB00BE0D15 /* Controller */,
				14D02576211AFCDB00BE0D15 /* Model */,
				14D02577211AFCDB00BE0D15 /* View */,
			);
			path = "MyLottery(我的彩票)";
			sourceTree = "<group>";
		};
		14D02575211AFCDB00BE0D15 /* Controller */ = {
			isa = PBXGroup;
			children = (
				14D025A3211B070200BE0D15 /* ZXMMyLotteryViewController.swift */,
			);
			path = Controller;
			sourceTree = "<group>";
		};
		14D02576211AFCDB00BE0D15 /* Model */ = {
			isa = PBXGroup;
			children = (
			);
			path = Model;
			sourceTree = "<group>";
		};
		14D02577211AFCDB00BE0D15 /* View */ = {
			isa = PBXGroup;
			children = (
				142A01792121AA7D0095FC20 /* ZXMMyLotteryViewController.xib */,
			);
			path = View;
			sourceTree = "<group>";
		};
		14D02578211AFCDB00BE0D15 /* Arena(竞技场) */ = {
			isa = PBXGroup;
			children = (
				14D02579211AFCDB00BE0D15 /* Controller */,
				14D0257A211AFCDB00BE0D15 /* Model */,
				14D0257B211AFCDB00BE0D15 /* View */,
			);
			path = "Arena(竞技场)";
			sourceTree = "<group>";
		};
		14D02579211AFCDB00BE0D15 /* Controller */ = {
			isa = PBXGroup;
			children = (
				14D02597211B060B00BE0D15 /* ZXMArenaViewController.swift */,
				146687742122FD7000117D76 /* ZXMArenaNavViewController.swift */,
			);
			path = Controller;
			sourceTree = "<group>";
		};
		14D0257A211AFCDB00BE0D15 /* Model */ = {
			isa = PBXGroup;
			children = (
			);
			path = Model;
			sourceTree = "<group>";
		};
		14D0257B211AFCDB00BE0D15 /* View */ = {
			isa = PBXGroup;
			children = (
			);
			path = View;
			sourceTree = "<group>";
		};
		14D0257C211AFCDB00BE0D15 /* Others */ = {
			isa = PBXGroup;
			children = (
				14D0251F211AD96A00BE0D15 /* AppDelegate.swift */,
				14D0252B211AD96B00BE0D15 /* Info.plist */,
			);
			path = Others;
			sourceTree = "<group>";
		};
		14D0257D211AFCDB00BE0D15 /* Discover(发现) */ = {
			isa = PBXGroup;
			children = (
				14D0257E211AFCDB00BE0D15 /* Controller */,
				14D0257F211AFCDB00BE0D15 /* Model */,
				14D02580211AFCDB00BE0D15 /* View */,
			);
			path = "Discover(发现)";
			sourceTree = "<group>";
		};
		14D0257E211AFCDB00BE0D15 /* Controller */ = {
			isa = PBXGroup;
			children = (
				1491ED282124062400405932 /* ZXMDiscoverTableViewController.storyboard */,
				1491ED2D212434FF00405932 /* ZXMBuyViewController.swift */,
				14D0259C211B066200BE0D15 /* ZXMDiscoverTableViewController.swift */,
			);
			path = Controller;
			sourceTree = "<group>";
		};
		14D0257F211AFCDB00BE0D15 /* Model */ = {
			isa = PBXGroup;
			children = (
			);
			path = Model;
			sourceTree = "<group>";
		};
		14D02580211AFCDB00BE0D15 /* View */ = {
			isa = PBXGroup;
			children = (
				1491ED3221243A6B00405932 /* ZXMTitleViewButton.swift */,
			);
			path = View;
			sourceTree = "<group>";
		};
		14D02581211AFCDB00BE0D15 /* Main(主要) */ = {
			isa = PBXGroup;
			children = (
				14D02582211AFCDB00BE0D15 /* Controller */,
				14D02583211AFCDB00BE0D15 /* Model */,
				14D02584211AFCDB00BE0D15 /* View */,
			);
			path = "Main(主要)";
			sourceTree = "<group>";
		};
		14D02582211AFCDB00BE0D15 /* Controller */ = {
			isa = PBXGroup;
			children = (
				14D0258D211B044300BE0D15 /* ZXMTabBarViewController.swift */,
				145E725F211C7D53002DB871 /* ZXMNavigationViewController.swift */,
			);
			path = Controller;
			sourceTree = "<group>";
		};
		14D02583211AFCDB00BE0D15 /* Model */ = {
			isa = PBXGroup;
			children = (
			);
			path = Model;
			sourceTree = "<group>";
		};
		14D02584211AFCDB00BE0D15 /* View */ = {
			isa = PBXGroup;
			children = (
				14D025AB211B391400BE0D15 /* ZXMTabBar.swift */,
				145E725A211BEC9C002DB871 /* ZXMTabBarButton.swift */,
			);
			path = View;
			sourceTree = "<group>";
		};
		14D02585211AFCDB00BE0D15 /* History(开奖信息) */ = {
			isa = PBXGroup;
			children = (
				14D02586211AFCDB00BE0D15 /* Controller */,
				14D02587211AFCDB00BE0D15 /* Model */,
				14D02588211AFCDB00BE0D15 /* View */,
			);
			path = "History(开奖信息)";
			sourceTree = "<group>";
		};
		14D02586211AFCDB00BE0D15 /* Controller */ = {
			isa = PBXGroup;
			children = (
				14D025A1211B06B000BE0D15 /* ZXMHistoryTableViewController.swift */,
			);
			path = Controller;
			sourceTree = "<group>";
		};
		14D02587211AFCDB00BE0D15 /* Model */ = {
			isa = PBXGroup;
			children = (
			);
			path = Model;
			sourceTree = "<group>";
		};
		14D02588211AFCDB00BE0D15 /* View */ = {
			isa = PBXGroup;
			children = (
			);
			path = View;
			sourceTree = "<group>";
		};
		14D02589211AFCDB00BE0D15 /* Extension+Tools(扩展工具) */ = {
			isa = PBXGroup;
			children = (
				1446DA00211DBD9F000829D0 /* UIImage+Extension.swift */,
				14E345D721207AC1008C0A1E /* UIview+Frame+Extension.swift */,
			);
			path = "Extension+Tools(扩展工具)";
			sourceTree = "<group>";
		};
		14D44445212723FE000355AB /* NewFeature[新特性] */ = {
			isa = PBXGroup;
			children = (
				14D44446212723FE000355AB /* Controller */,
				14D44447212723FE000355AB /* Model */,
				14D44448212723FE000355AB /* View */,
			);
			path = "NewFeature[新特性]";
			sourceTree = "<group>";
		};
		14D44446212723FE000355AB /* Controller */ = {
			isa = PBXGroup;
			children = (
				14D4444C2127262F000355AB /* ZXMNewFeatureCollectionViewController.swift */,
			);
			path = Controller;
			sourceTree = "<group>";
		};
		14D44447212723FE000355AB /* Model */ = {
			isa = PBXGroup;
			children = (
			);
			path = Model;
			sourceTree = "<group>";
		};
		14D44448212723FE000355AB /* View */ = {
			isa = PBXGroup;
			children = (
				14EA701921284FF200791EAF /* ZXMNewFeatureCollectionViewCell.swift */,
			);
			path = View;
			sourceTree = "<group>";
		};
/* End PBXGroup section */

/* Begin PBXNativeTarget section */
		14D0251B211AD96A00BE0D15 /* caipiaoSwift */ = {
			isa = PBXNativeTarget;
			buildConfigurationList = 14D0252E211AD96B00BE0D15 /* Build configuration list for PBXNativeTarget "caipiaoSwift" */;
			buildPhases = (
				14D02518211AD96A00BE0D15 /* Sources */,
				14D02519211AD96A00BE0D15 /* Frameworks */,
				14D0251A211AD96A00BE0D15 /* Resources */,
			);
			buildRules = (
			);
			dependencies = (
			);
			name = caipiaoSwift;
			productName = caipiaoSwift;
			productReference = 14D0251C211AD96A00BE0D15 /* caipiaoSwift.app */;
			productType = "com.apple.product-type.application";
		};
/* End PBXNativeTarget section */

/* Begin PBXProject section */
		14D02514211AD96A00BE0D15 /* Project object */ = {
			isa = PBXProject;
			attributes = {
				CLASSPREFIX = ZXM;
				LastSwiftUpdateCheck = 0940;
				LastUpgradeCheck = 0940;
				ORGANIZATIONNAME = "周兴明";
				TargetAttributes = {
					14D0251B211AD96A00BE0D15 = {
						CreatedOnToolsVersion = 9.4.1;
					};
				};
			};
			buildConfigurationList = 14D02517211AD96A00BE0D15 /* Build configuration list for PBXProject "caipiaoSwift" */;
			compatibilityVersion = "Xcode 9.3";
			developmentRegion = en;
			hasScannedForEncodings = 0;
			knownRegions = (
				en,
				Base,
			);
			mainGroup = 14D02513211AD96A00BE0D15;
			productRefGroup = 14D0251D211AD96A00BE0D15 /* Products */;
			projectDirPath = "";
			projectRoot = "";
			targets = (
				14D0251B211AD96A00BE0D15 /* caipiaoSwift */,
			);
		};
/* End PBXProject section */

/* Begin PBXResourcesBuildPhase section */
		14D0251A211AD96A00BE0D15 /* Resources */ = {
			isa = PBXResourcesBuildPhase;
			buildActionMask = 2147483647;
			files = (
				14D0252A211AD96B00BE0D15 /* LaunchScreen.storyboard in Resources */,
				14D02527211AD96B00BE0D15 /* Assets.xcassets in Resources */,
				142A017A2121AA7D0095FC20 /* ZXMMyLotteryViewController.xib in Resources */,
				1446DA0A211DD75D000829D0 /* ZXMPopMenu.xib in Resources */,
				1491ED292124062400405932 /* ZXMDiscoverTableViewController.storyboard in Resources */,
			);
			runOnlyForDeploymentPostprocessing = 0;
		};
/* End PBXResourcesBuildPhase section */

/* Begin PBXSourcesBuildPhase section */
		14D02518211AD96A00BE0D15 /* Sources */ = {
			isa = PBXSourcesBuildPhase;
			buildActionMask = 2147483647;
			files = (
				140A63AE212B16510017A085 /* ZXMSaveTool.swift in Sources */,
				14D4444D2127262F000355AB /* ZXMNewFeatureCollectionViewController.swift in Sources */,
				1406EBD0212C53D200DE84A1 /* ZXMSettingTableViewController.swift in Sources */,
				14D025A2211B06B000BE0D15 /* ZXMHistoryTableViewController.swift in Sources */,
				1446DA0F211DE66F000829D0 /* ZXMPopMenu.swift in Sources */,
				14D02598211B060B00BE0D15 /* ZXMArenaViewController.swift in Sources */,
				1491ED2E212434FF00405932 /* ZXMBuyViewController.swift in Sources */,
				145E725B211BEC9C002DB871 /* ZXMTabBarButton.swift in Sources */,
				14D025A4211B070200BE0D15 /* ZXMMyLotteryViewController.swift in Sources */,
				14D0258E211B044300BE0D15 /* ZXMTabBarViewController.swift in Sources */,
				14D0259D211B066200BE0D15 /* ZXMDiscoverTableViewController.swift in Sources */,
				146687752122FD7000117D76 /* ZXMArenaNavViewController.swift in Sources */,
				145E7260211C7D53002DB871 /* ZXMNavigationViewController.swift in Sources */,
				14D025AC211B391400BE0D15 /* ZXMTabBar.swift in Sources */,
				14D02520211AD96A00BE0D15 /* AppDelegate.swift in Sources */,
				140A63B5212B24260017A085 /* ZXMRootVC.swift in Sources */,
				14E345D821207AC1008C0A1E /* UIview+Frame+Extension.swift in Sources */,
				1491ED3321243A6B00405932 /* ZXMTitleViewButton.swift in Sources */,
				1446DA01211DBD9F000829D0 /* UIImage+Extension.swift in Sources */,
				14D02593211B05B500BE0D15 /* ZXMHallTableViewController.swift in Sources */,
				14EA701A21284FF200791EAF /* ZXMNewFeatureCollectionViewCell.swift in Sources */,
				1446DA06211DC732000829D0 /* ZXMCover.swift in Sources */,
			);
			runOnlyForDeploymentPostprocessing = 0;
		};
/* End PBXSourcesBuildPhase section */

/* Begin PBXVariantGroup section */
		14D02528211AD96B00BE0D15 /* LaunchScreen.storyboard */ = {
			isa = PBXVariantGroup;
			children = (
				14D02529211AD96B00BE0D15 /* Base */,
			);
			name = LaunchScreen.storyboard;
			sourceTree = "<group>";
		};
/* End PBXVariantGroup section */

/* Begin XCBuildConfiguration section */
		14D0252C211AD96B00BE0D15 /* Debug */ = {
			isa = XCBuildConfiguration;
			buildSettings = {
				ALWAYS_SEARCH_USER_PATHS = NO;
				CLANG_ANALYZER_NONNULL = YES;
				CLANG_ANALYZER_NUMBER_OBJECT_CONVERSION = YES_AGGRESSIVE;
				CLANG_CXX_LANGUAGE_STANDARD = "gnu++14";
				CLANG_CXX_LIBRARY = "libc++";
				CLANG_ENABLE_MODULES = YES;
				CLANG_ENABLE_OBJC_ARC = YES;
				CLANG_ENABLE_OBJC_WEAK = YES;
				CLANG_WARN_BLOCK_CAPTURE_AUTORELEASING = YES;
				CLANG_WARN_BOOL_CONVERSION = YES;
				CLANG_WARN_COMMA = YES;
				CLANG_WARN_CONSTANT_CONVERSION = YES;
				CLANG_WARN_DEPRECATED_OBJC_IMPLEMENTATIONS = YES;
				CLANG_WARN_DIRECT_OBJC_ISA_USAGE = YES_ERROR;
				CLANG_WARN_DOCUMENTATION_COMMENTS = YES;
				CLANG_WARN_EMPTY_BODY = YES;
				CLANG_WARN_ENUM_CONVERSION = YES;
				CLANG_WARN_INFINITE_RECURSION = YES;
				CLANG_WARN_INT_CONVERSION = YES;
				CLANG_WARN_NON_LITERAL_NULL_CONVERSION = YES;
				CLANG_WARN_OBJC_IMPLICIT_RETAIN_SELF = YES;
				CLANG_WARN_OBJC_LITERAL_CONVERSION = YES;
				CLANG_WARN_OBJC_ROOT_CLASS = YES_ERROR;
				CLANG_WARN_RANGE_LOOP_ANALYSIS = YES;
				CLANG_WARN_STRICT_PROTOTYPES = YES;
				CLANG_WARN_SUSPICIOUS_MOVE = YES;
				CLANG_WARN_UNGUARDED_AVAILABILITY = YES_AGGRESSIVE;
				CLANG_WARN_UNREACHABLE_CODE = YES;
				CLANG_WARN__DUPLICATE_METHOD_MATCH = YES;
				CODE_SIGN_IDENTITY = "iPhone Developer";
				COPY_PHASE_STRIP = NO;
				DEBUG_INFORMATION_FORMAT = dwarf;
				ENABLE_STRICT_OBJC_MSGSEND = YES;
				ENABLE_TESTABILITY = YES;
				GCC_C_LANGUAGE_STANDARD = gnu11;
				GCC_DYNAMIC_NO_PIC = NO;
				GCC_NO_COMMON_BLOCKS = YES;
				GCC_OPTIMIZATION_LEVEL = 0;
				GCC_PREPROCESSOR_DEFINITIONS = (
					"DEBUG=1",
					"$(inherited)",
				);
				GCC_WARN_64_TO_32_BIT_CONVERSION = YES;
				GCC_WARN_ABOUT_RETURN_TYPE = YES_ERROR;
				GCC_WARN_UNDECLARED_SELECTOR = YES;
				GCC_WARN_UNINITIALIZED_AUTOS = YES_AGGRESSIVE;
				GCC_WARN_UNUSED_FUNCTION = YES;
				GCC_WARN_UNUSED_VARIABLE = YES;
				IPHONEOS_DEPLOYMENT_TARGET = 11.4;
				MTL_ENABLE_DEBUG_INFO = YES;
				ONLY_ACTIVE_ARCH = YES;
				SDKROOT = iphoneos;
				SWIFT_ACTIVE_COMPILATION_CONDITIONS = DEBUG;
				SWIFT_OPTIMIZATION_LEVEL = "-Onone";
			};
			name = Debug;
		};
		14D0252D211AD96B00BE0D15 /* Release */ = {
			isa = XCBuildConfiguration;
			buildSettings = {
				ALWAYS_SEARCH_USER_PATHS = NO;
				CLANG_ANALYZER_NONNULL = YES;
				CLANG_ANALYZER_NUMBER_OBJECT_CONVERSION = YES_AGGRESSIVE;
				CLANG_CXX_LANGUAGE_STANDARD = "gnu++14";
				CLANG_CXX_LIBRARY = "libc++";
				CLANG_ENABLE_MODULES = YES;
				CLANG_ENABLE_OBJC_ARC = YES;
				CLANG_ENABLE_OBJC_WEAK = YES;
				CLANG_WARN_BLOCK_CAPTURE_AUTORELEASING = YES;
				CLANG_WARN_BOOL_CONVERSION = YES;
				CLANG_WARN_COMMA = YES;
				CLANG_WARN_CONSTANT_CONVERSION = YES;
				CLANG_WARN_DEPRECATED_OBJC_IMPLEMENTATIONS = YES;
				CLANG_WARN_DIRECT_OBJC_ISA_USAGE = YES_ERROR;
				CLANG_WARN_DOCUMENTATION_COMMENTS = YES;
				CLANG_WARN_EMPTY_BODY = YES;
				CLANG_WARN_ENUM_CONVERSION = YES;
				CLANG_WARN_INFINITE_RECURSION = YES;
				CLANG_WARN_INT_CONVERSION = YES;
				CLANG_WARN_NON_LITERAL_NULL_CONVERSION = YES;
				CLANG_WARN_OBJC_IMPLICIT_RETAIN_SELF = YES;
				CLANG_WARN_OBJC_LITERAL_CONVERSION = YES;
				CLANG_WARN_OBJC_ROOT_CLASS = YES_ERROR;
				CLANG_WARN_RANGE_LOOP_ANALYSIS = YES;
				CLANG_WARN_STRICT_PROTOTYPES = YES;
				CLANG_WARN_SUSPICIOUS_MOVE = YES;
				CLANG_WARN_UNGUARDED_AVAILABILITY = YES_AGGRESSIVE;
				CLANG_WARN_UNREACHABLE_CODE = YES;
				CLANG_WARN__DUPLICATE_METHOD_MATCH = YES;
				CODE_SIGN_IDENTITY = "iPhone Developer";
				COPY_PHASE_STRIP = NO;
				DEBUG_INFORMATION_FORMAT = "dwarf-with-dsym";
				ENABLE_NS_ASSERTIONS = NO;
				ENABLE_STRICT_OBJC_MSGSEND = YES;
				GCC_C_LANGUAGE_STANDARD = gnu11;
				GCC_NO_COMMON_BLOCKS = YES;
				GCC_WARN_64_TO_32_BIT_CONVERSION = YES;
				GCC_WARN_ABOUT_RETURN_TYPE = YES_ERROR;
				GCC_WARN_UNDECLARED_SELECTOR = YES;
				GCC_WARN_UNINITIALIZED_AUTOS = YES_AGGRESSIVE;
				GCC_WARN_UNUSED_FUNCTION = YES;
				GCC_WARN_UNUSED_VARIABLE = YES;
				IPHONEOS_DEPLOYMENT_TARGET = 11.4;
				MTL_ENABLE_DEBUG_INFO = NO;
				SDKROOT = iphoneos;
				SWIFT_COMPILATION_MODE = wholemodule;
				SWIFT_OPTIMIZATION_LEVEL = "-O";
				VALIDATE_PRODUCT = YES;
			};
			name = Release;
		};
		14D0252F211AD96B00BE0D15 /* Debug */ = {
			isa = XCBuildConfiguration;
			buildSettings = {
				ASSETCATALOG_COMPILER_APPICON_NAME = AppIcon;
				CODE_SIGN_STYLE = Automatic;
				DEVELOPMENT_TEAM = 34QWHERWW4;
				INFOPLIST_FILE = "$(SRCROOT)/caipiaoSwift/Classes/Others/Info.plist";
				LD_RUNPATH_SEARCH_PATHS = (
					"$(inherited)",
					"@executable_path/Frameworks",
				);
				PRODUCT_BUNDLE_IDENTIFIER = com.zhixuejun.caipiaoSwift;
				PRODUCT_NAME = "$(TARGET_NAME)";
				SWIFT_VERSION = 4.0;
				TARGETED_DEVICE_FAMILY = "1,2";
			};
			name = Debug;
		};
		14D02530211AD96B00BE0D15 /* Release */ = {
			isa = XCBuildConfiguration;
			buildSettings = {
				ASSETCATALOG_COMPILER_APPICON_NAME = AppIcon;
				CODE_SIGN_STYLE = Automatic;
				DEVELOPMENT_TEAM = 34QWHERWW4;
				INFOPLIST_FILE = "$(SRCROOT)/caipiaoSwift/Classes/Others/Info.plist";
				LD_RUNPATH_SEARCH_PATHS = (
					"$(inherited)",
					"@executable_path/Frameworks",
				);
				PRODUCT_BUNDLE_IDENTIFIER = com.zhixuejun.caipiaoSwift;
				PRODUCT_NAME = "$(TARGET_NAME)";
				SWIFT_VERSION = 4.0;
				TARGETED_DEVICE_FAMILY = "1,2";
			};
			name = Release;
		};
/* End XCBuildConfiguration section */

/* Begin XCConfigurationList section */
		14D02517211AD96A00BE0D15 /* Build configuration list for PBXProject "caipiaoSwift" */ = {
			isa = XCConfigurationList;
			buildConfigurations = (
				14D0252C211AD96B00BE0D15 /* Debug */,
				14D0252D211AD96B00BE0D15 /* Release */,
			);
			defaultConfigurationIsVisible = 0;
			defaultConfigurationName = Release;
		};
		14D0252E211AD96B00BE0D15 /* Build configuration list for PBXNativeTarget "caipiaoSwift" */ = {
			isa = XCConfigurationList;
			buildConfigurations = (
				14D0252F211AD96B00BE0D15 /* Debug */,
				14D02530211AD96B00BE0D15 /* Release */,
			);
			defaultConfigurationIsVisible = 0;
			defaultConfigurationName = Release;
		};
/* End XCConfigurationList section */
	};
	rootObject = 14D02514211AD96A00BE0D15 /* Project object */;
}
